
Microsoft Visual Studio Solution File, Format Version 12.00
# Visual Studio Version 17
VisualStudioVersion = 17.0.31903.59
MinimumVisualStudioVersion = 10.0.40219.1
Project("{FAE04EC0-301F-11D3-BF4B-00C04F79EFBC}") = "CE.Assessment.Web", "CE.Assessment.Web\CE.Assessment.Web.csproj", "{0A6F7FA0-24D6-4844-9FDF-0A606ED30F51}"
EndProject
Project("{FAE04EC0-301F-11D3-BF4B-00C04F79EFBC}") = "CE.Assessment.BusinessLogic", "CE.Assessment.BusinessLogic\CE.Assessment.BusinessLogic.csproj", "{B7EE194E-4EDE-409F-85DF-2DD722F51AAE}"
EndProject
Project("{FAE04EC0-301F-11D3-BF4B-00C04F79EFBC}") = "CE.Assessment.Console", "CE.Assessment.Console\CE.Assessment.Console.csproj", "{F7C38647-C9E6-4173-81F4-3CA1625FFF99}"
EndProject
Project("{FAE04EC0-301F-11D3-BF4B-00C04F79EFBC}") = "CE.Assessment.BusinessLogic.Test", "CE.Assessment.BusinessLogic.Test\CE.Assessment.BusinessLogic.Test.csproj", "{68BE695D-5DA4-4E3B-9D4B-3FC5E1894D5C}"
EndProject
Global
	GlobalSection(SolutionConfigurationPlatforms) = preSolution
		Debug|Any CPU = Debug|Any CPU
		Release|Any CPU = Release|Any CPU
	EndGlobalSection
	GlobalSection(ProjectConfigurationPlatforms) = postSolution
		{0A6F7FA0-24D6-4844-9FDF-0A606ED30F51}.Debug|Any CPU.ActiveCfg = Debug|Any CPU
		{0A6F7FA0-24D6-4844-9FDF-0A606ED30F51}.Debug|Any CPU.Build.0 = Debug|Any CPU
		{0A6F7FA0-24D6-4844-9FDF-0A606ED30F51}.Release|Any CPU.ActiveCfg = Release|Any CPU
		{0A6F7FA0-24D6-4844-9FDF-0A606ED30F51}.Release|Any CPU.Build.0 = Release|Any CPU
		{B7EE194E-4EDE-409F-85DF-2DD722F51AAE}.Debug|Any CPU.ActiveCfg = Debug|Any CPU
		{B7EE194E-4EDE-409F-85DF-2DD722F51AAE}.Debug|Any CPU.Build.0 = Debug|Any CPU
		{B7EE194E-4EDE-409F-85DF-2DD722F51AAE}.Release|Any CPU.ActiveCfg = Release|Any CPU
		{B7EE194E-4EDE-409F-85DF-2DD722F51AAE}.Release|Any CPU.Build.0 = Release|Any CPU
		{F7C38647-C9E6-4173-81F4-3CA1625FFF99}.Debug|Any CPU.ActiveCfg = Debug|Any CPU
		{F7C38647-C9E6-4173-81F4-3CA1625FFF99}.Debug|Any CPU.Build.0 = Debug|Any CPU
		{F7C38647-C9E6-4173-81F4-3CA1625FFF99}.Release|Any CPU.ActiveCfg = Release|Any CPU
		{F7C38647-C9E6-4173-81F4-3CA1625FFF99}.Release|Any CPU.Build.0 = Release|Any CPU
		{68BE695D-5DA4-4E3B-9D4B-3FC5E1894D5C}.Debug|Any CPU.ActiveCfg = Debug|Any CPU
		{68BE695D-5DA4-4E3B-9D4B-3FC5E1894D5C}.Debug|Any CPU.Build.0 = Debug|Any CPU
		{68BE695D-5DA4-4E3B-9D4B-3FC5E1894D5C}.Release|Any CPU.ActiveCfg = Release|Any CPU
		{68BE695D-5DA4-4E3B-9D4B-3FC5E1894D5C}.Release|Any CPU.Build.0 = Release|Any CPU
	EndGlobalSection
	GlobalSection(SolutionProperties) = preSolution
		HideSolutionNode = FALSE
	EndGlobalSection
	GlobalSection(ExtensibilityGlobals) = postSolution
		SolutionGuid = {82780A03-63CC-4467-89C3-6C1F696CB866}
	EndGlobalSection
EndGlobal
